// !$*UTF8*$!
{
	archiveVersion = 1;
	classes = {
	};
	objectVersion = 46;
	objects = {

/* Begin PBXBuildFile section */
		F46CB9771D059AF700FC0C2A /* AppDelegate.swift in Sources */ = {isa = PBXBuildFile; fileRef = F46CB9761D059AF700FC0C2A /* AppDelegate.swift */; };
		F46CB9791D059AF700FC0C2A /* ViewController.swift in Sources */ = {isa = PBXBuildFile; fileRef = F46CB9781D059AF700FC0C2A /* ViewController.swift */; };
		F46CB97C1D059AF700FC0C2A /* Main.storyboard in Resources */ = {isa = PBXBuildFile; fileRef = F46CB97A1D059AF700FC0C2A /* Main.storyboard */; };
		F46CB97E1D059AF700FC0C2A /* Assets.xcassets in Resources */ = {isa = PBXBuildFile; fileRef = F46CB97D1D059AF700FC0C2A /* Assets.xcassets */; };
		F46CB9811D059AF700FC0C2A /* LaunchScreen.storyboard in Resources */ = {isa = PBXBuildFile; fileRef = F46CB97F1D059AF700FC0C2A /* LaunchScreen.storyboard */; };
		F46CB98C1D059AF700FC0C2A /* gachagachaTests.swift in Sources */ = {isa = PBXBuildFile; fileRef = F46CB98B1D059AF700FC0C2A /* gachagachaTests.swift */; };
		F46CB9971D059AF700FC0C2A /* gachagachaUITests.swift in Sources */ = {isa = PBXBuildFile; fileRef = F46CB9961D059AF700FC0C2A /* gachagachaUITests.swift */; };
		F4D8471E1D05C7E9003073F8 /* ResultViewController.swift in Sources */ = {isa = PBXBuildFile; fileRef = F4D8471D1D05C7E9003073F8 /* ResultViewController.swift */; };
		F4EA95341D0806B800268BDE /* bg_blue@2x.png in Resources */ = {isa = PBXBuildFile; fileRef = F4EA952F1D0806B800268BDE /* bg_blue@2x.png */; };
		F4EA95351D0806B800268BDE /* bg_gold@2x.png in Resources */ = {isa = PBXBuildFile; fileRef = F4EA95301D0806B800268BDE /* bg_gold@2x.png */; };
		F4EA95361D0806B800268BDE /* bg_red@2x.png in Resources */ = {isa = PBXBuildFile; fileRef = F4EA95311D0806B800268BDE /* bg_red@2x.png */; };
		F4EA95371D0806B800268BDE /* gacha.png in Resources */ = {isa = PBXBuildFile; fileRef = F4EA95321D0806B800268BDE /* gacha.png */; };
		F4EA95381D0806B800268BDE /* gacha@2x.png in Resources */ = {isa = PBXBuildFile; fileRef = F4EA95331D0806B800268BDE /* gacha@2x.png */; };
		F4EA95441D0806FB00268BDE /* monster001.png in Resources */ = {isa = PBXBuildFile; fileRef = F4EA953A1D0806FB00268BDE /* monster001.png */; };
		F4EA95451D0806FB00268BDE /* monster002.png in Resources */ = {isa = PBXBuildFile; fileRef = F4EA953B1D0806FB00268BDE /* monster002.png */; };
		F4EA95461D0806FB00268BDE /* monster003.png in Resources */ = {isa = PBXBuildFile; fileRef = F4EA953C1D0806FB00268BDE /* monster003.png */; };
		F4EA95471D0806FB00268BDE /* monster004.png in Resources */ = {isa = PBXBuildFile; fileRef = F4EA953D1D0806FB00268BDE /* monster004.png */; };
		F4EA95481D0806FB00268BDE /* monster005.png in Resources */ = {isa = PBXBuildFile; fileRef = F4EA953E1D0806FB00268BDE /* monster005.png */; };
		F4EA95491D0806FB00268BDE /* monster006.png in Resources */ = {isa = PBXBuildFile; fileRef = F4EA953F1D0806FB00268BDE /* monster006.png */; };
		F4EA954A1D0806FB00268BDE /* monster007.png in Resources */ = {isa = PBXBuildFile; fileRef = F4EA95401D0806FB00268BDE /* monster007.png */; };
		F4EA954B1D0806FB00268BDE /* monster008.png in Resources */ = {isa = PBXBuildFile; fileRef = F4EA95411D0806FB00268BDE /* monster008.png */; };
		F4EA954C1D0806FB00268BDE /* monster009.png in Resources */ = {isa = PBXBuildFile; fileRef = F4EA95421D0806FB00268BDE /* monster009.png */; };
		F4EA954D1D0806FB00268BDE /* monster010.png in Resources */ = {isa = PBXBuildFile; fileRef = F4EA95431D0806FB00268BDE /* monster010.png */; };
/* End PBXBuildFile section */

/* Begin PBXContainerItemProxy section */
		F46CB9881D059AF700FC0C2A /* PBXContainerItemProxy */ = {
			isa = PBXContainerItemProxy;
			containerPortal = F46CB96B1D059AF700FC0C2A /* Project object */;
			proxyType = 1;
			remoteGlobalIDString = F46CB9721D059AF700FC0C2A;
			remoteInfo = gachagacha;
		};
		F46CB9931D059AF700FC0C2A /* PBXContainerItemProxy */ = {
			isa = PBXContainerItemProxy;
			containerPortal = F46CB96B1D059AF700FC0C2A /* Project object */;
			proxyType = 1;
			remoteGlobalIDString = F46CB9721D059AF700FC0C2A;
			remoteInfo = gachagacha;
		};
/* End PBXContainerItemProxy section */

/* Begin PBXFileReference section */
		F46CB9731D059AF700FC0C2A /* gachagacha.app */ = {isa = PBXFileReference; explicitFileType = wrapper.application; includeInIndex = 0; path = gachagacha.app; sourceTree = BUILT_PRODUCTS_DIR; };
		F46CB9761D059AF700FC0C2A /* AppDelegate.swift */ = {isa = PBXFileReference; lastKnownFileType = sourcecode.swift; path = AppDelegate.swift; sourceTree = "<group>"; };
		F46CB9781D059AF700FC0C2A /* ViewController.swift */ = {isa = PBXFileReference; lastKnownFileType = sourcecode.swift; path = ViewController.swift; sourceTree = "<group>"; };
		F46CB97B1D059AF700FC0C2A /* Base */ = {isa = PBXFileReference; lastKnownFileType = file.storyboard; name = Base; path = Base.lproj/Main.storyboard; sourceTree = "<group>"; };
		F46CB97D1D059AF700FC0C2A /* Assets.xcassets */ = {isa = PBXFileReference; lastKnownFileType = folder.assetcatalog; path = Assets.xcassets; sourceTree = "<group>"; };
		F46CB9801D059AF700FC0C2A /* Base */ = {isa = PBXFileReference; lastKnownFileType = file.storyboard; name = Base; path = Base.lproj/LaunchScreen.storyboard; sourceTree = "<group>"; };
		F46CB9821D059AF700FC0C2A /* Info.plist */ = {isa = PBXFileReference; lastKnownFileType = text.plist.xml; path = Info.plist; sourceTree = "<group>"; };
		F46CB9871D059AF700FC0C2A /* gachagachaTests.xctest */ = {isa = PBXFileReference; explicitFileType = wrapper.cfbundle; includeInIndex = 0; path = gachagachaTests.xctest; sourceTree = BUILT_PRODUCTS_DIR; };
		F46CB98B1D059AF700FC0C2A /* gachagachaTests.swift */ = {isa = PBXFileReference; lastKnownFileType = sourcecode.swift; path = gachagachaTests.swift; sourceTree = "<group>"; };
		F46CB98D1D059AF700FC0C2A /* Info.plist */ = {isa = PBXFileReference; lastKnownFileType = text.plist.xml; path = Info.plist; sourceTree = "<group>"; };
		F46CB9921D059AF700FC0C2A /* gachagachaUITests.xctest */ = {isa = PBXFileReference; explicitFileType = wrapper.cfbundle; includeInIndex = 0; path = gachagachaUITests.xctest; sourceTree = BUILT_PRODUCTS_DIR; };
		F46CB9961D059AF700FC0C2A /* gachagachaUITests.swift */ = {isa = PBXFileReference; lastKnownFileType = sourcecode.swift; path = gachagachaUITests.swift; sourceTree = "<group>"; };
		F46CB9981D059AF700FC0C2A /* Info.plist */ = {isa = PBXFileReference; lastKnownFileType = text.plist.xml; path = Info.plist; sourceTree = "<group>"; };
		F4D8471D1D05C7E9003073F8 /* ResultViewController.swift */ = {isa = PBXFileReference; fileEncoding = 4; lastKnownFileType = sourcecode.swift; name = ResultViewController.swift; path = ../ResultViewController.swift; sourceTree = "<group>"; };
		F4EA952F1D0806B800268BDE /* bg_blue@2x.png */ = {isa = PBXFileReference; lastKnownFileType = image.png; path = "bg_blue@2x.png"; sourceTree = "<group>"; };
		F4EA95301D0806B800268BDE /* bg_gold@2x.png */ = {isa = PBXFileReference; lastKnownFileType = image.png; path = "bg_gold@2x.png"; sourceTree = "<group>"; };
		F4EA95311D0806B800268BDE /* bg_red@2x.png */ = {isa = PBXFileReference; lastKnownFileType = image.png; path = "bg_red@2x.png"; sourceTree = "<group>"; };
		F4EA95321D0806B800268BDE /* gacha.png */ = {isa = PBXFileReference; lastKnownFileType = image.png; path = gacha.png; sourceTree = "<group>"; };
		F4EA95331D0806B800268BDE /* gacha@2x.png */ = {isa = PBXFileReference; lastKnownFileType = image.png; path = "gacha@2x.png"; sourceTree = "<group>"; };
		F4EA953A1D0806FB00268BDE /* monster001.png */ = {isa = PBXFileReference; lastKnownFileType = image.png; path = monster001.png; sourceTree = "<group>"; };
		F4EA953B1D0806FB00268BDE /* monster002.png */ = {isa = PBXFileReference; lastKnownFileType = image.png; path = monster002.png; sourceTree = "<group>"; };
		F4EA953C1D0806FB00268BDE /* monster003.png */ = {isa = PBXFileReference; lastKnownFileType = image.png; path = monster003.png; sourceTree = "<group>"; };
		F4EA953D1D0806FB00268BDE /* monster004.png */ = {isa = PBXFileReference; lastKnownFileType = image.png; path = monster004.png; sourceTree = "<group>"; };
		F4EA953E1D0806FB00268BDE /* monster005.png */ = {isa = PBXFileReference; lastKnownFileType = image.png; path = monster005.png; sourceTree = "<group>"; };
		F4EA953F1D0806FB00268BDE /* monster006.png */ = {isa = PBXFileReference; lastKnownFileType = image.png; path = monster006.png; sourceTree = "<group>"; };
		F4EA95401D0806FB00268BDE /* monster007.png */ = {isa = PBXFileReference; lastKnownFileType = image.png; path = monster007.png; sourceTree = "<group>"; };
		F4EA95411D0806FB00268BDE /* monster008.png */ = {isa = PBXFileReference; lastKnownFileType = image.png; path = monster008.png; sourceTree = "<group>"; };
		F4EA95421D0806FB00268BDE /* monster009.png */ = {isa = PBXFileReference; lastKnownFileType = image.png; path = monster009.png; sourceTree = "<group>"; };
		F4EA95431D0806FB00268BDE /* monster010.png */ = {isa = PBXFileReference; lastKnownFileType = image.png; path = monster010.png; sourceTree = "<group>"; };
/* End PBXFileReference section */

/* Begin PBXFrameworksBuildPhase section */
		F46CB9701D059AF700FC0C2A /* Frameworks */ = {
			isa = PBXFrameworksBuildPhase;
			buildActionMask = 2147483647;
			files = (
			);
			runOnlyForDeploymentPostprocessing = 0;
		};
		F46CB9841D059AF700FC0C2A /* Frameworks */ = {
			isa = PBXFrameworksBuildPhase;
			buildActionMask = 2147483647;
			files = (
			);
			runOnlyForDeploymentPostprocessing = 0;
		};
		F46CB98F1D059AF700FC0C2A /* Frameworks */ = {
			isa = PBXFrameworksBuildPhase;
			buildActionMask = 2147483647;
			files = (
			);
			runOnlyForDeploymentPostprocessing = 0;
		};
/* End PBXFrameworksBuildPhase section */

/* Begin PBXGroup section */
		F46CB96A1D059AF700FC0C2A = {
			isa = PBXGroup;
			children = (
				F46CB9751D059AF700FC0C2A /* gachagacha */,
				F46CB98A1D059AF700FC0C2A /* gachagachaTests */,
				F46CB9951D059AF700FC0C2A /* gachagachaUITests */,
				F46CB9741D059AF700FC0C2A /* Products */,
			);
			sourceTree = "<group>";
		};
		F46CB9741D059AF700FC0C2A /* Products */ = {
			isa = PBXGroup;
			children = (
				F46CB9731D059AF700FC0C2A /* gachagacha.app */,
				F46CB9871D059AF700FC0C2A /* gachagachaTests.xctest */,
				F46CB9921D059AF700FC0C2A /* gachagachaUITests.xctest */,
			);
			name = Products;
			sourceTree = "<group>";
		};
		F46CB9751D059AF700FC0C2A /* gachagacha */ = {
			isa = PBXGroup;
			children = (
				F46CB9761D059AF700FC0C2A /* AppDelegate.swift */,
				F46CB9781D059AF700FC0C2A /* ViewController.swift */,
				F4D8471D1D05C7E9003073F8 /* ResultViewController.swift */,
				F46CB97A1D059AF700FC0C2A /* Main.storyboard */,
				F4EA95391D0806FB00268BDE /* monster */,
				F4EA952E1D0806B800268BDE /* background */,
				F46CB97D1D059AF700FC0C2A /* Assets.xcassets */,
				F46CB97F1D059AF700FC0C2A /* LaunchScreen.storyboard */,
				F46CB9821D059AF700FC0C2A /* Info.plist */,
			);
			path = gachagacha;
			sourceTree = "<group>";
		};
		F46CB98A1D059AF700FC0C2A /* gachagachaTests */ = {
			isa = PBXGroup;
			children = (
				F46CB98B1D059AF700FC0C2A /* gachagachaTests.swift */,
				F46CB98D1D059AF700FC0C2A /* Info.plist */,
			);
			path = gachagachaTests;
			sourceTree = "<group>";
		};
		F46CB9951D059AF700FC0C2A /* gachagachaUITests */ = {
			isa = PBXGroup;
			children = (
				F46CB9961D059AF700FC0C2A /* gachagachaUITests.swift */,
				F46CB9981D059AF700FC0C2A /* Info.plist */,
			);
			path = gachagachaUITests;
			sourceTree = "<group>";
		};
		F4EA952E1D0806B800268BDE /* background */ = {
			isa = PBXGroup;
			children = (
				F4EA952F1D0806B800268BDE /* bg_blue@2x.png */,
				F4EA95301D0806B800268BDE /* bg_gold@2x.png */,
				F4EA95311D0806B800268BDE /* bg_red@2x.png */,
				F4EA95321D0806B800268BDE /* gacha.png */,
				F4EA95331D0806B800268BDE /* gacha@2x.png */,
			);
			path = background;
			sourceTree = "<group>";
		};
		F4EA95391D0806FB00268BDE /* monster */ = {
			isa = PBXGroup;
			children = (
				F4EA953A1D0806FB00268BDE /* monster001.png */,
				F4EA953B1D0806FB00268BDE /* monster002.png */,
				F4EA953C1D0806FB00268BDE /* monster003.png */,
				F4EA953D1D0806FB00268BDE /* monster004.png */,
				F4EA953E1D0806FB00268BDE /* monster005.png */,
				F4EA953F1D0806FB00268BDE /* monster006.png */,
				F4EA95401D0806FB00268BDE /* monster007.png */,
				F4EA95411D0806FB00268BDE /* monster008.png */,
				F4EA95421D0806FB00268BDE /* monster009.png */,
				F4EA95431D0806FB00268BDE /* monster010.png */,
			);
			path = monster;
			sourceTree = "<group>";
		};
/* End PBXGroup section */

/* Begin PBXNativeTarget section */
		F46CB9721D059AF700FC0C2A /* gachagacha */ = {
			isa = PBXNativeTarget;
			buildConfigurationList = F46CB99B1D059AF700FC0C2A /* Build configuration list for PBXNativeTarget "gachagacha" */;
			buildPhases = (
				F46CB96F1D059AF700FC0C2A /* Sources */,
				F46CB9701D059AF700FC0C2A /* Frameworks */,
				F46CB9711D059AF700FC0C2A /* Resources */,
			);
			buildRules = (
			);
			dependencies = (
			);
			name = gachagacha;
			productName = gachagacha;
			productReference = F46CB9731D059AF700FC0C2A /* gachagacha.app */;
			productType = "com.apple.product-type.application";
		};
		F46CB9861D059AF700FC0C2A /* gachagachaTests */ = {
			isa = PBXNativeTarget;
			buildConfigurationList = F46CB99E1D059AF700FC0C2A /* Build configuration list for PBXNativeTarget "gachagachaTests" */;
			buildPhases = (
				F46CB9831D059AF700FC0C2A /* Sources */,
				F46CB9841D059AF700FC0C2A /* Frameworks */,
				F46CB9851D059AF700FC0C2A /* Resources */,
			);
			buildRules = (
			);
			dependencies = (
				F46CB9891D059AF700FC0C2A /* PBXTargetDependency */,
			);
			name = gachagachaTests;
			productName = gachagachaTests;
			productReference = F46CB9871D059AF700FC0C2A /* gachagachaTests.xctest */;
			productType = "com.apple.product-type.bundle.unit-test";
		};
		F46CB9911D059AF700FC0C2A /* gachagachaUITests */ = {
			isa = PBXNativeTarget;
			buildConfigurationList = F46CB9A11D059AF700FC0C2A /* Build configuration list for PBXNativeTarget "gachagachaUITests" */;
			buildPhases = (
				F46CB98E1D059AF700FC0C2A /* Sources */,
				F46CB98F1D059AF700FC0C2A /* Frameworks */,
				F46CB9901D059AF700FC0C2A /* Resources */,
			);
			buildRules = (
			);
			dependencies = (
				F46CB9941D059AF700FC0C2A /* PBXTargetDependency */,
			);
			name = gachagachaUITests;
			productName = gachagachaUITests;
			productReference = F46CB9921D059AF700FC0C2A /* gachagachaUITests.xctest */;
			productType = "com.apple.product-type.bundle.ui-testing";
		};
/* End PBXNativeTarget section */

/* Begin PBXProject section */
		F46CB96B1D059AF700FC0C2A /* Project object */ = {
			isa = PBXProject;
			attributes = {
				LastSwiftUpdateCheck = 0730;
				LastUpgradeCheck = 0730;
				ORGANIZATIONNAME = "内山香";
				TargetAttributes = {
					F46CB9721D059AF700FC0C2A = {
						CreatedOnToolsVersion = 7.3.1;
					};
					F46CB9861D059AF700FC0C2A = {
						CreatedOnToolsVersion = 7.3.1;
						TestTargetID = F46CB9721D059AF700FC0C2A;
					};
					F46CB9911D059AF700FC0C2A = {
						CreatedOnToolsVersion = 7.3.1;
						TestTargetID = F46CB9721D059AF700FC0C2A;
					};
				};
			};
			buildConfigurationList = F46CB96E1D059AF700FC0C2A /* Build configuration list for PBXProject "gachagacha" */;
			compatibilityVersion = "Xcode 3.2";
			developmentRegion = English;
			hasScannedForEncodings = 0;
			knownRegions = (
				en,
				Base,
			);
			mainGroup = F46CB96A1D059AF700FC0C2A;
			productRefGroup = F46CB9741D059AF700FC0C2A /* Products */;
			projectDirPath = "";
			projectRoot = "";
			targets = (
				F46CB9721D059AF700FC0C2A /* gachagacha */,
				F46CB9861D059AF700FC0C2A /* gachagachaTests */,
				F46CB9911D059AF700FC0C2A /* gachagachaUITests */,
			);
		};
/* End PBXProject section */

/* Begin PBXResourcesBuildPhase section */
		F46CB9711D059AF700FC0C2A /* Resources */ = {
			isa = PBXResourcesBuildPhase;
			buildActionMask = 2147483647;
			files = (
				F46CB9811D059AF700FC0C2A /* LaunchScreen.storyboard in Resources */,
				F4EA954B1D0806FB00268BDE /* monster008.png in Resources */,
				F4EA95471D0806FB00268BDE /* monster004.png in Resources */,
				F4EA95371D0806B800268BDE /* gacha.png in Resources */,
				F46CB97E1D059AF700FC0C2A /* Assets.xcassets in Resources */,
				F4EA954A1D0806FB00268BDE /* monster007.png in Resources */,
				F4EA954D1D0806FB00268BDE /* monster010.png in Resources */,
				F4EA95381D0806B800268BDE /* gacha@2x.png in Resources */,
				F4EA95491D0806FB00268BDE /* monster006.png in Resources */,
				F4EA95341D0806B800268BDE /* bg_blue@2x.png in Resources */,
				F4EA954C1D0806FB00268BDE /* monster009.png in Resources */,
				F4EA95361D0806B800268BDE /* bg_red@2x.png in Resources */,
				F4EA95481D0806FB00268BDE /* monster005.png in Resources */,
				F46CB97C1D059AF700FC0C2A /* Main.storyboard in Resources */,
				F4EA95441D0806FB00268BDE /* monster001.png in Resources */,
				F4EA95461D0806FB00268BDE /* monster003.png in Resources */,
				F4EA95351D0806B800268BDE /* bg_gold@2x.png in Resources */,
				F4EA95451D0806FB00268BDE /* monster002.png in Resources */,
			);
			runOnlyForDeploymentPostprocessing = 0;
		};
		F46CB9851D059AF700FC0C2A /* Resources */ = {
			isa = PBXResourcesBuildPhase;
			buildActionMask = 2147483647;
			files = (
			);
			runOnlyForDeploymentPostprocessing = 0;
		};
		F46CB9901D059AF700FC0C2A /* Resources */ = {
			isa = PBXResourcesBuildPhase;
			buildActionMask = 2147483647;
			files = (
			);
			runOnlyForDeploymentPostprocessing = 0;
		};
/* End PBXResourcesBuildPhase section */

/* Begin PBXSourcesBuildPhase section */
		F46CB96F1D059AF700FC0C2A /* Sources */ = {
			isa = PBXSourcesBuildPhase;
			buildActionMask = 2147483647;
			files = (
				F46CB9791D059AF700FC0C2A /* ViewController.swift in Sources */,
				F46CB9771D059AF700FC0C2A /* AppDelegate.swift in Sources */,
				F4D8471E1D05C7E9003073F8 /* ResultViewController.swift in Sources */,
			);
			runOnlyForDeploymentPostprocessing = 0;
		};
		F46CB9831D059AF700FC0C2A /* Sources */ = {
			isa = PBXSourcesBuildPhase;
			buildActionMask = 2147483647;
			files = (
				F46CB98C1D059AF700FC0C2A /* gachagachaTests.swift in Sources */,
			);
			runOnlyForDeploymentPostprocessing = 0;
		};
		F46CB98E1D059AF700FC0C2A /* Sources */ = {
			isa = PBXSourcesBuildPhase;
			buildActionMask = 2147483647;
			files = (
				F46CB9971D059AF700FC0C2A /* gachagachaUITests.swift in Sources */,
			);
			runOnlyForDeploymentPostprocessing = 0;
		};
/* End PBXSourcesBuildPhase section */

/* Begin PBXTargetDependency section */
		F46CB9891D059AF700FC0C2A /* PBXTargetDependency */ = {
			isa = PBXTargetDependency;
			target = F46CB9721D059AF700FC0C2A /* gachagacha */;
			targetProxy = F46CB9881D059AF700FC0C2A /* PBXContainerItemProxy */;
		};
		F46CB9941D059AF700FC0C2A /* PBXTargetDependency */ = {
			isa = PBXTargetDependency;
			target = F46CB9721D059AF700FC0C2A /* gachagacha */;
			targetProxy = F46CB9931D059AF700FC0C2A /* PBXContainerItemProxy */;
		};
/* End PBXTargetDependency section */

/* Begin PBXVariantGroup section */
		F46CB97A1D059AF700FC0C2A /* Main.storyboard */ = {
			isa = PBXVariantGroup;
			children = (
				F46CB97B1D059AF700FC0C2A /* Base */,
			);
			name = Main.storyboard;
			sourceTree = "<group>";
		};
		F46CB97F1D059AF700FC0C2A /* LaunchScreen.storyboard */ = {
			isa = PBXVariantGroup;
			children = (
				F46CB9801D059AF700FC0C2A /* Base */,
			);
			name = LaunchScreen.storyboard;
			sourceTree = "<group>";
		};
/* End PBXVariantGroup section */

/* Begin XCBuildConfiguration section */
		F46CB9991D059AF700FC0C2A /* Debug */ = {
			isa = XCBuildConfiguration;
			buildSettings = {
				ALWAYS_SEARCH_USER_PATHS = NO;
				CLANG_ANALYZER_NONNULL = YES;
				CLANG_CXX_LANGUAGE_STANDARD = "gnu++0x";
				CLANG_CXX_LIBRARY = "libc++";
				CLANG_ENABLE_MODULES = YES;
				CLANG_ENABLE_OBJC_ARC = YES;
				CLANG_WARN_BOOL_CONVERSION = YES;
				CLANG_WARN_CONSTANT_CONVERSION = YES;
				CLANG_WARN_DIRECT_OBJC_ISA_USAGE = YES_ERROR;
				CLANG_WARN_EMPTY_BODY = YES;
				CLANG_WARN_ENUM_CONVERSION = YES;
				CLANG_WARN_INT_CONVERSION = YES;
				CLANG_WARN_OBJC_ROOT_CLASS = YES_ERROR;
				CLANG_WARN_UNREACHABLE_CODE = YES;
				CLANG_WARN__DUPLICATE_METHOD_MATCH = YES;
				"CODE_SIGN_IDENTITY[sdk=iphoneos*]" = "iPhone Developer";
				COPY_PHASE_STRIP = NO;
				DEBUG_INFORMATION_FORMAT = dwarf;
				ENABLE_STRICT_OBJC_MSGSEND = YES;
				ENABLE_TESTABILITY = YES;
				GCC_C_LANGUAGE_STANDARD = gnu99;
				GCC_DYNAMIC_NO_PIC = NO;
				GCC_NO_COMMON_BLOCKS = YES;
				GCC_OPTIMIZATION_LEVEL = 0;
				GCC_PREPROCESSOR_DEFINITIONS = (
					"DEBUG=1",
					"$(inherited)",
				);
				GCC_WARN_64_TO_32_BIT_CONVERSION = YES;
				GCC_WARN_ABOUT_RETURN_TYPE = YES_ERROR;
				GCC_WARN_UNDECLARED_SELECTOR = YES;
				GCC_WARN_UNINITIALIZED_AUTOS = YES_AGGRESSIVE;
				GCC_WARN_UNUSED_FUNCTION = YES;
				GCC_WARN_UNUSED_VARIABLE = YES;
				IPHONEOS_DEPLOYMENT_TARGET = 9.3;
				MTL_ENABLE_DEBUG_INFO = YES;
				ONLY_ACTIVE_ARCH = YES;
				SDKROOT = iphoneos;
				SWIFT_OPTIMIZATION_LEVEL = "-Onone";
				TARGETED_DEVICE_FAMILY = "1,2";
			};
			name = Debug;
		};
		F46CB99A1D059AF700FC0C2A /* Release */ = {
			isa = XCBuildConfiguration;
			buildSettings = {
				ALWAYS_SEARCH_USER_PATHS = NO;
				CLANG_ANALYZER_NONNULL = YES;
				CLANG_CXX_LANGUAGE_STANDARD = "gnu++0x";
				CLANG_CXX_LIBRARY = "libc++";
				CLANG_ENABLE_MODULES = YES;
				CLANG_ENABLE_OBJC_ARC = YES;
				CLANG_WARN_BOOL_CONVERSION = YES;
				CLANG_WARN_CONSTANT_CONVERSION = YES;
				CLANG_WARN_DIRECT_OBJC_ISA_USAGE = YES_ERROR;
				CLANG_WARN_EMPTY_BODY = YES;
				CLANG_WARN_ENUM_CONVERSION = YES;
				CLANG_WARN_INT_CONVERSION = YES;
				CLANG_WARN_OBJC_ROOT_CLASS = YES_ERROR;
				CLANG_WARN_UNREACHABLE_CODE = YES;
				CLANG_WARN__DUPLICATE_METHOD_MATCH = YES;
				"CODE_SIGN_IDENTITY[sdk=iphoneos*]" = "iPhone Developer";
				COPY_PHASE_STRIP = NO;
				DEBUG_INFORMATION_FORMAT = "dwarf-with-dsym";
				ENABLE_NS_ASSERTIONS = NO;
				ENABLE_STRICT_OBJC_MSGSEND = YES;
				GCC_C_LANGUAGE_STANDARD = gnu99;
				GCC_NO_COMMON_BLOCKS = YES;
				GCC_WARN_64_TO_32_BIT_CONVERSION = YES;
				GCC_WARN_ABOUT_RETURN_TYPE = YES_ERROR;
				GCC_WARN_UNDECLARED_SELECTOR = YES;
				GCC_WARN_UNINITIALIZED_AUTOS = YES_AGGRESSIVE;
				GCC_WARN_UNUSED_FUNCTION = YES;
				GCC_WARN_UNUSED_VARIABLE = YES;
				IPHONEOS_DEPLOYMENT_TARGET = 9.3;
				MTL_ENABLE_DEBUG_INFO = NO;
				SDKROOT = iphoneos;
				TARGETED_DEVICE_FAMILY = "1,2";
				VALIDATE_PRODUCT = YES;
			};
			name = Release;
		};
		F46CB99C1D059AF700FC0C2A /* Debug */ = {
			isa = XCBuildConfiguration;
			buildSettings = {
				ASSETCATALOG_COMPILER_APPICON_NAME = AppIcon;
				INFOPLIST_FILE = gachagacha/Info.plist;
				LD_RUNPATH_SEARCH_PATHS = "$(inherited) @executable_path/Frameworks";
				PRODUCT_BUNDLE_IDENTIFIER = litech.com.gachagacha;
				PRODUCT_NAME = "$(TARGET_NAME)";
			};
			name = Debug;
		};
		F46CB99D1D059AF700FC0C2A /* Release */ = {
			isa = XCBuildConfiguration;
			buildSettings = {
				ASSETCATALOG_COMPILER_APPICON_NAME = AppIcon;
				INFOPLIST_FILE = gachagacha/Info.plist;
				LD_RUNPATH_SEARCH_PATHS = "$(inherited) @executable_path/Frameworks";
				PRODUCT_BUNDLE_IDENTIFIER = litech.com.gachagacha;
				PRODUCT_NAME = "$(TARGET_NAME)";
			};
			name = Release;
		};
		F46CB99F1D059AF700FC0C2A /* Debug */ = {
			isa = XCBuildConfiguration;
			buildSettings = {
				BUNDLE_LOADER = "$(TEST_HOST)";
				INFOPLIST_FILE = gachagachaTests/Info.plist;
				LD_RUNPATH_SEARCH_PATHS = "$(inherited) @executable_path/Frameworks @loader_path/Frameworks";
				PRODUCT_BUNDLE_IDENTIFIER = litech.com.gachagachaTests;
				PRODUCT_NAME = "$(TARGET_NAME)";
				TEST_HOST = "$(BUILT_PRODUCTS_DIR)/gachagacha.app/gachagacha";
			};
			name = Debug;
		};
		F46CB9A01D059AF700FC0C2A /* Release */ = {
			isa = XCBuildConfiguration;
			buildSettings = {
				BUNDLE_LOADER = "$(TEST_HOST)";
				INFOPLIST_FILE = gachagachaTests/Info.plist;
				LD_RUNPATH_SEARCH_PATHS = "$(inherited) @executable_path/Frameworks @loader_path/Frameworks";
				PRODUCT_BUNDLE_IDENTIFIER = litech.com.gachagachaTests;
				PRODUCT_NAME = "$(TARGET_NAME)";
				TEST_HOST = "$(BUILT_PRODUCTS_DIR)/gachagacha.app/gachagacha";
			};
			name = Release;
		};
		F46CB9A21D059AF700FC0C2A /* Debug */ = {
			isa = XCBuildConfiguration;
			buildSettings = {
				INFOPLIST_FILE = gachagachaUITests/Info.plist;
				LD_RUNPATH_SEARCH_PATHS = "$(inherited) @executable_path/Frameworks @loader_path/Frameworks";
				PRODUCT_BUNDLE_IDENTIFIER = litech.com.gachagachaUITests;
				PRODUCT_NAME = "$(TARGET_NAME)";
				TEST_TARGET_NAME = gachagacha;
			};
			name = Debug;
		};
		F46CB9A31D059AF700FC0C2A /* Release */ = {
			isa = XCBuildConfiguration;
			buildSettings = {
				INFOPLIST_FILE = gachagachaUITests/Info.plist;
				LD_RUNPATH_SEARCH_PATHS = "$(inherited) @executable_path/Frameworks @loader_path/Frameworks";
				PRODUCT_BUNDLE_IDENTIFIER = litech.com.gachagachaUITests;
				PRODUCT_NAME = "$(TARGET_NAME)";
				TEST_TARGET_NAME = gachagacha;
			};
			name = Release;
		};
/* End XCBuildConfiguration section */

/* Begin XCConfigurationList section */
		F46CB96E1D059AF700FC0C2A /* Build configuration list for PBXProject "gachagacha" */ = {
			isa = XCConfigurationList;
			buildConfigurations = (
				F46CB9991D059AF700FC0C2A /* Debug */,
				F46CB99A1D059AF700FC0C2A /* Release */,
			);
			defaultConfigurationIsVisible = 0;
			defaultConfigurationName = Release;
		};
		F46CB99B1D059AF700FC0C2A /* Build configuration list for PBXNativeTarget "gachagacha" */ = {
			isa = XCConfigurationList;
			buildConfigurations = (
				F46CB99C1D059AF700FC0C2A /* Debug */,
				F46CB99D1D059AF700FC0C2A /* Release */,
			);
			defaultConfigurationIsVisible = 0;
			defaultConfigurationName = Release;
		};
		F46CB99E1D059AF700FC0C2A /* Build configuration list for PBXNativeTarget "gachagachaTests" */ = {
			isa = XCConfigurationList;
			buildConfigurations = (
				F46CB99F1D059AF700FC0C2A /* Debug */,
				F46CB9A01D059AF700FC0C2A /* Release */,
			);
			defaultConfigurationIsVisible = 0;
			defaultConfigurationName = Release;
		};
		F46CB9A11D059AF700FC0C2A /* Build configuration list for PBXNativeTarget "gachagachaUITests" */ = {
			isa = XCConfigurationList;
			buildConfigurations = (
				F46CB9A21D059AF700FC0C2A /* Debug */,
				F46CB9A31D059AF700FC0C2A /* Release */,
			);
			defaultConfigurationIsVisible = 0;
			defaultConfigurationName = Release;
		};
/* End XCConfigurationList section */
	};
	rootObject = F46CB96B1D059AF700FC0C2A /* Project object */;
}
